
Microsoft Visual Studio Solution File, Format Version 12.00
# Visual Studio Version 17
VisualStudioVersion = 17.5.33530.505
MinimumVisualStudioVersion = 10.0.40219.1
Project("{2150E333-8FDC-42A3-9474-1A3956D46DE8}") = "src", "src", "{EEB4DD1E-96C8-4052-9A0B-847CC212E7DF}"
EndProject
Project("{2150E333-8FDC-42A3-9474-1A3956D46DE8}") = "Clients", "Clients", "{40E5B37F-375C-4660-8AE2-E291659C68A6}"
EndProject
Project("{2150E333-8FDC-42A3-9474-1A3956D46DE8}") = "Hangfire", "Hangfire", "{C5412118-5674-4B72-9851-50ABAA1BA26C}"
EndProject
Project("{9A19103F-16F7-4668-BE54-9A1E7A4F7556}") = "HC.TmdbJob", "HC.TmdbJob\HC.TmdbJob.csproj", "{F87F2AE4-3A77-460F-8BE4-D14174295F2A}"
EndProject
Project("{2150E333-8FDC-42A3-9474-1A3956D46DE8}") = "Shared", "Shared", "{ADF15422-F52B-48DF-A055-8B15324DF36C}"
EndProject
Project("{2150E333-8FDC-42A3-9474-1A3956D46DE8}") = "Application", "Application", "{CA693059-64BC-4878-8F8C-A00F14BBC6DF}"
EndProject
Project("{9A19103F-16F7-4668-BE54-9A1E7A4F7556}") = "HC.Shared.Application", "HC.Shared.Application\HC.Shared.Application.csproj", "{F42C11DA-B196-4443-AB43-9B9DBA516ACA}"
EndProject
Project("{2150E333-8FDC-42A3-9474-1A3956D46DE8}") = "Infrastructure", "Infrastructure", "{179F381A-5391-47A8-B3F2-1A63EC23023A}"
EndProject
Project("{9A19103F-16F7-4668-BE54-9A1E7A4F7556}") = "HC.Shared.Infrastructure", "HC.Shared.Infrastructure\HC.Shared.Infrastructure.csproj", "{38296EE6-C84A-4664-82CC-C6095CA5F0D5}"
EndProject
Project("{2150E333-8FDC-42A3-9474-1A3956D46DE8}") = "BackgroundJob", "BackgroundJob", "{57CB4030-D882-40A8-9662-713C8C59681E}"
EndProject
Project("{FAE04EC0-301F-11D3-BF4B-00C04F79EFBC}") = "HC.TmdbBackgroundJob", "HC.TmdbBackgroundJob\HC.TmdbBackgroundJob.csproj", "{09EE2E04-060F-4447-8194-7E5771219512}"
EndProject
Project("{2150E333-8FDC-42A3-9474-1A3956D46DE8}") = "Domain", "Domain", "{F7DFF763-CBC3-43ED-9376-9E8112043741}"
EndProject
Project("{FAE04EC0-301F-11D3-BF4B-00C04F79EFBC}") = "HC.Shared.Domain", "HC.Shared.Domain\HC.Shared.Domain.csproj", "{C821060E-19C9-4E92-B886-EB03D477D89C}"
EndProject
Global
	GlobalSection(SolutionConfigurationPlatforms) = preSolution
		Debug|Any CPU = Debug|Any CPU
		Release|Any CPU = Release|Any CPU
	EndGlobalSection
	GlobalSection(ProjectConfigurationPlatforms) = postSolution
		{F87F2AE4-3A77-460F-8BE4-D14174295F2A}.Debug|Any CPU.ActiveCfg = Debug|Any CPU
		{F87F2AE4-3A77-460F-8BE4-D14174295F2A}.Debug|Any CPU.Build.0 = Debug|Any CPU
		{F87F2AE4-3A77-460F-8BE4-D14174295F2A}.Release|Any CPU.ActiveCfg = Release|Any CPU
		{F87F2AE4-3A77-460F-8BE4-D14174295F2A}.Release|Any CPU.Build.0 = Release|Any CPU
		{F42C11DA-B196-4443-AB43-9B9DBA516ACA}.Debug|Any CPU.ActiveCfg = Debug|Any CPU
		{F42C11DA-B196-4443-AB43-9B9DBA516ACA}.Debug|Any CPU.Build.0 = Debug|Any CPU
		{F42C11DA-B196-4443-AB43-9B9DBA516ACA}.Release|Any CPU.ActiveCfg = Release|Any CPU
		{F42C11DA-B196-4443-AB43-9B9DBA516ACA}.Release|Any CPU.Build.0 = Release|Any CPU
		{38296EE6-C84A-4664-82CC-C6095CA5F0D5}.Debug|Any CPU.ActiveCfg = Debug|Any CPU
		{38296EE6-C84A-4664-82CC-C6095CA5F0D5}.Debug|Any CPU.Build.0 = Debug|Any CPU
		{38296EE6-C84A-4664-82CC-C6095CA5F0D5}.Release|Any CPU.ActiveCfg = Release|Any CPU
		{38296EE6-C84A-4664-82CC-C6095CA5F0D5}.Release|Any CPU.Build.0 = Release|Any CPU
		{09EE2E04-060F-4447-8194-7E5771219512}.Debug|Any CPU.ActiveCfg = Debug|Any CPU
		{09EE2E04-060F-4447-8194-7E5771219512}.Debug|Any CPU.Build.0 = Debug|Any CPU
		{09EE2E04-060F-4447-8194-7E5771219512}.Release|Any CPU.ActiveCfg = Release|Any CPU
		{09EE2E04-060F-4447-8194-7E5771219512}.Release|Any CPU.Build.0 = Release|Any CPU
		{C821060E-19C9-4E92-B886-EB03D477D89C}.Debug|Any CPU.ActiveCfg = Debug|Any CPU
		{C821060E-19C9-4E92-B886-EB03D477D89C}.Debug|Any CPU.Build.0 = Debug|Any CPU
		{C821060E-19C9-4E92-B886-EB03D477D89C}.Release|Any CPU.ActiveCfg = Release|Any CPU
		{C821060E-19C9-4E92-B886-EB03D477D89C}.Release|Any CPU.Build.0 = Release|Any CPU
	EndGlobalSection
	GlobalSection(SolutionProperties) = preSolution
		HideSolutionNode = FALSE
	EndGlobalSection
	GlobalSection(NestedProjects) = preSolution
		{40E5B37F-375C-4660-8AE2-E291659C68A6} = {EEB4DD1E-96C8-4052-9A0B-847CC212E7DF}
		{C5412118-5674-4B72-9851-50ABAA1BA26C} = {40E5B37F-375C-4660-8AE2-E291659C68A6}
		{F87F2AE4-3A77-460F-8BE4-D14174295F2A} = {C5412118-5674-4B72-9851-50ABAA1BA26C}
		{ADF15422-F52B-48DF-A055-8B15324DF36C} = {EEB4DD1E-96C8-4052-9A0B-847CC212E7DF}
		{CA693059-64BC-4878-8F8C-A00F14BBC6DF} = {ADF15422-F52B-48DF-A055-8B15324DF36C}
		{F42C11DA-B196-4443-AB43-9B9DBA516ACA} = {CA693059-64BC-4878-8F8C-A00F14BBC6DF}
		{179F381A-5391-47A8-B3F2-1A63EC23023A} = {ADF15422-F52B-48DF-A055-8B15324DF36C}
		{38296EE6-C84A-4664-82CC-C6095CA5F0D5} = {179F381A-5391-47A8-B3F2-1A63EC23023A}
		{57CB4030-D882-40A8-9662-713C8C59681E} = {C5412118-5674-4B72-9851-50ABAA1BA26C}
		{09EE2E04-060F-4447-8194-7E5771219512} = {57CB4030-D882-40A8-9662-713C8C59681E}
		{F7DFF763-CBC3-43ED-9376-9E8112043741} = {ADF15422-F52B-48DF-A055-8B15324DF36C}
		{C821060E-19C9-4E92-B886-EB03D477D89C} = {F7DFF763-CBC3-43ED-9376-9E8112043741}
	EndGlobalSection
	GlobalSection(ExtensibilityGlobals) = postSolution
		SolutionGuid = {F1F25394-1BBB-43F6-A055-EBB49FD5767B}
	EndGlobalSection
EndGlobal
